Microsoft Visual Studio Solution File, Format Version 12.00
# Visual Studio Version 17
VisualStudioVersion = 17.0.31903.59
MinimumVisualStudioVersion = 10.0.40219.1
Project("{0A3415B9-E0DF-4B37-96C2-80956D74897F}") = "Project_7e25223d7d8c44b1865e9824460a149b_20250619080305102386", "Project_7e25223d7d8c44b1865e9824460a149b_20250619080305102386.csproj", "{0A3415B9-E0DF-4B37-96C2-80956D74897F}"
EndProject
Global
    GlobalSection(SolutionConfigurationPlatforms) = preSolution
        Debug|Any CPU = Debug|Any CPU
        Release|Any CPU = Release|Any CPU
    EndGlobalSection
    GlobalSection(ProjectConfigurationPlatforms) = postSolution
        {0A3415B9-E0DF-4B37-96C2-80956D74897F}.Debug|Any CPU.ActiveCfg = Debug|Any CPU
        {0A3415B9-E0DF-4B37-96C2-80956D74897F}.Debug|Any CPU.Build.0 = Debug|Any CPU
        {0A3415B9-E0DF-4B37-96C2-80956D74897F}.Release|Any CPU.ActiveCfg = Release|Any CPU
        {0A3415B9-E0DF-4B37-96C2-80956D74897F}.Release|Any CPU.Build.0 = Release|Any CPU
    EndGlobalSection
EndGlobal